{
  "nodes": {
    "agenix": {
      "inputs": {
        "nixpkgs": [
          "nixpkgs"
        ]
      },
      "locked": {
        "lastModified": 1631325864,
        "narHash": "sha256-bBvrjUS0qfgC4LPFthGJ5E8Fl0f5UvlrCB3o5Bnn9ys=",
        "owner": "ryantm",
        "repo": "agenix",
        "rev": "5c5bc282565f03f9c5b3d6e72b7cb985706148a6",
        "type": "github"
      },
      "original": {
        "owner": "ryantm",
        "repo": "agenix",
        "type": "github"
      }
    },
    "emacs-overlay": {
      "locked": {
        "lastModified": 1631553815,
        "narHash": "sha256-DVbU4ikIYOZmg4B2KBi2bnapZl35vcTlk5z+R1ypWu0=",
        "owner": "nix-community",
        "repo": "emacs-overlay",
        "rev": "bd9091685e329ddeff1084604e7b2ba6a3b300c2",
        "type": "github"
      },
      "original": {
        "owner": "nix-community",
        "repo": "emacs-overlay",
        "type": "github"
      }
    },
    "home-manager": {
      "inputs": {
        "nixpkgs": [
          "nixpkgs"
        ]
      },
      "locked": {
        "lastModified": 1631485157,
        "narHash": "sha256-U2qv2tjrWpTWe1KPUPXEcByOdnTBlJWX/Bhk7Ax5mgA=",
        "owner": "rycee",
        "repo": "home-manager",
        "rev": "208e310e9409d0d54ae5e19cb52f8d0f3c7f4771",
        "type": "github"
      },
      "original": {
        "owner": "rycee",
        "ref": "master",
        "repo": "home-manager",
        "type": "github"
      }
    },
    "nixos-hardware": {
      "locked": {
        "lastModified": 1631525163,
        "narHash": "sha256-sHwZa4C1edJn1ngPtlHGJQatvh1aiAeLEqn2i1wcph4=",
        "owner": "nixos",
        "repo": "nixos-hardware",
        "rev": "a387b870f809ca62edb231ded669302d389a6401",
        "type": "github"
      },
      "original": {
        "owner": "nixos",
        "repo": "nixos-hardware",
        "type": "github"
      }
    },
    "nixpkgs": {
      "locked": {
        "lastModified": 1631470189,
        "narHash": "sha256-hkUPYlpNOY9nbG1ByRin9NzPAYnPtwq/nGxO/DoeZd0=",
        "owner": "NixOS",
        "repo": "nixpkgs",
        "rev": "364b5555ee04bf61ee0075a3adab4c9351a8d38c",
        "type": "github"
      },
      "original": {
        "id": "nixpkgs",
        "ref": "nixos-unstable",
        "type": "indirect"
      }
    },
    "nixpkgs-unstable": {
      "locked": {
        "lastModified": 1631525292,
        "narHash": "sha256-dbaXjviKfSz0L5/x25O6a/X+rqwtJAhSDTZv2XW+U1w=",
        "owner": "NixOS",
        "repo": "nixpkgs",
        "rev": "65b70fbe4c3a942a266794e28a08147b06ebb6bc",
        "type": "github"
      },
      "original": {
        "id": "nixpkgs",
        "ref": "nixpkgs-unstable",
        "type": "indirect"
      }
    },
    "root": {
      "inputs": {
        "agenix": "agenix",
        "emacs-overlay": "emacs-overlay",
        "home-manager": "home-manager",
        "nixos-hardware": "nixos-hardware",
        "nixpkgs": "nixpkgs",
        "nixpkgs-unstable": "nixpkgs-unstable"
      }
    }
  },
  "root": "root",
  "version": 7
}
